
Microsoft Visual Studio Solution File, Format Version 12.00
# Visual Studio Version 16
VisualStudioVersion = 16.0.31402.337
MinimumVisualStudioVersion = 10.0.40219.1
Project("{FAE04EC0-301F-11D3-BF4B-00C04F79EFBC}") = "2.30", "2.30\2.30.csproj", "{14A2D86E-4E3D-4C92-9C18-1F4264AEB96B}"
EndProject
Global
	GlobalSection(SolutionConfigurationPlatforms) = preSolution
		Debug|Any CPU = Debug|Any CPU
		Release|Any CPU = Release|Any CPU
	EndGlobalSection
	GlobalSection(ProjectConfigurationPlatforms) = postSolution
		{14A2D86E-4E3D-4C92-9C18-1F4264AEB96B}.Debug|Any CPU.ActiveCfg = Debug|Any CPU
		{14A2D86E-4E3D-4C92-9C18-1F4264AEB96B}.Debug|Any CPU.Build.0 = Debug|Any CPU
		{14A2D86E-4E3D-4C92-9C18-1F4264AEB96B}.Release|Any CPU.ActiveCfg = Release|Any CPU
		{14A2D86E-4E3D-4C92-9C18-1F4264AEB96B}.Release|Any CPU.Build.0 = Release|Any CPU
	EndGlobalSection
	GlobalSection(SolutionProperties) = preSolution
		HideSolutionNode = FALSE
	EndGlobalSection
	GlobalSection(ExtensibilityGlobals) = postSolution
		SolutionGuid = {31513999-A0B8-4672-885A-C83CF3883445}
	EndGlobalSection
EndGlobal
