
Microsoft Visual Studio Solution File, Format Version 12.00
# Visual Studio Version 16
VisualStudioVersion = 16.0.31402.337
MinimumVisualStudioVersion = 10.0.40219.1
Project("{FAE04EC0-301F-11D3-BF4B-00C04F79EFBC}") = "4.43", "4.43\4.43.csproj", "{262DE2F9-16C0-4F61-B3B0-D8542049EBEA}"
EndProject
Global
	GlobalSection(SolutionConfigurationPlatforms) = preSolution
		Debug|Any CPU = Debug|Any CPU
		Release|Any CPU = Release|Any CPU
	EndGlobalSection
	GlobalSection(ProjectConfigurationPlatforms) = postSolution
		{262DE2F9-16C0-4F61-B3B0-D8542049EBEA}.Debug|Any CPU.ActiveCfg = Debug|Any CPU
		{262DE2F9-16C0-4F61-B3B0-D8542049EBEA}.Debug|Any CPU.Build.0 = Debug|Any CPU
		{262DE2F9-16C0-4F61-B3B0-D8542049EBEA}.Release|Any CPU.ActiveCfg = Release|Any CPU
		{262DE2F9-16C0-4F61-B3B0-D8542049EBEA}.Release|Any CPU.Build.0 = Release|Any CPU
	EndGlobalSection
	GlobalSection(SolutionProperties) = preSolution
		HideSolutionNode = FALSE
	EndGlobalSection
	GlobalSection(ExtensibilityGlobals) = postSolution
		SolutionGuid = {39F70701-FD9B-497C-9505-99D505DA33E2}
	EndGlobalSection
EndGlobal
