
Microsoft Visual Studio Solution File, Format Version 12.00
# Visual Studio Version 16
VisualStudioVersion = 16.0.31402.337
MinimumVisualStudioVersion = 10.0.40219.1
Project("{FAE04EC0-301F-11D3-BF4B-00C04F79EFBC}") = "ConsoleApp1", "ConsoleApp1\ConsoleApp1.csproj", "{310803A9-7E9D-47D8-9CC0-AF59512E6524}"
EndProject
Global
	GlobalSection(SolutionConfigurationPlatforms) = preSolution
		Debug|Any CPU = Debug|Any CPU
		Release|Any CPU = Release|Any CPU
	EndGlobalSection
	GlobalSection(ProjectConfigurationPlatforms) = postSolution
		{310803A9-7E9D-47D8-9CC0-AF59512E6524}.Debug|Any CPU.ActiveCfg = Debug|Any CPU
		{310803A9-7E9D-47D8-9CC0-AF59512E6524}.Debug|Any CPU.Build.0 = Debug|Any CPU
		{310803A9-7E9D-47D8-9CC0-AF59512E6524}.Release|Any CPU.ActiveCfg = Release|Any CPU
		{310803A9-7E9D-47D8-9CC0-AF59512E6524}.Release|Any CPU.Build.0 = Release|Any CPU
	EndGlobalSection
	GlobalSection(SolutionProperties) = preSolution
		HideSolutionNode = FALSE
	EndGlobalSection
	GlobalSection(ExtensibilityGlobals) = postSolution
		SolutionGuid = {CC622AB1-687F-45EC-9E7A-BE4EF27CF839}
	EndGlobalSection
EndGlobal
