
Microsoft Visual Studio Solution File, Format Version 12.00
# Visual Studio Version 16
VisualStudioVersion = 16.0.31402.337
MinimumVisualStudioVersion = 10.0.40219.1
Project("{FAE04EC0-301F-11D3-BF4B-00C04F79EFBC}") = "2.6", "2.6\2.6.csproj", "{6226A739-20C0-479D-8699-CEEAC930B734}"
EndProject
Global
	GlobalSection(SolutionConfigurationPlatforms) = preSolution
		Debug|Any CPU = Debug|Any CPU
		Release|Any CPU = Release|Any CPU
	EndGlobalSection
	GlobalSection(ProjectConfigurationPlatforms) = postSolution
		{6226A739-20C0-479D-8699-CEEAC930B734}.Debug|Any CPU.ActiveCfg = Debug|Any CPU
		{6226A739-20C0-479D-8699-CEEAC930B734}.Debug|Any CPU.Build.0 = Debug|Any CPU
		{6226A739-20C0-479D-8699-CEEAC930B734}.Release|Any CPU.ActiveCfg = Release|Any CPU
		{6226A739-20C0-479D-8699-CEEAC930B734}.Release|Any CPU.Build.0 = Release|Any CPU
	EndGlobalSection
	GlobalSection(SolutionProperties) = preSolution
		HideSolutionNode = FALSE
	EndGlobalSection
	GlobalSection(ExtensibilityGlobals) = postSolution
		SolutionGuid = {D27E7910-62CC-4A7F-B023-C19B79A26886}
	EndGlobalSection
EndGlobal
